
Microsoft Visual Studio Solution File, Format Version 12.00
# Visual Studio Version 17
VisualStudioVersion = 17.3.32811.315
MinimumVisualStudioVersion = 10.0.40219.1
Project("{9A19103F-16F7-4668-BE54-9A1E7A4F7556}") = "DBF.Reader", "DBF.Reader\DBF.Reader.csproj", "{1A2C42C1-D82E-4295-A449-9E6E52DF0946}"
EndProject
Project("{9A19103F-16F7-4668-BE54-9A1E7A4F7556}") = "DBF.Test", "DBF.Test\DBF.Test.csproj", "{CEAE45D7-EF46-47EB-9652-BB3866268389}"
EndProject
Project("{FAE04EC0-301F-11D3-BF4B-00C04F79EFBC}") = "DBF.Viewer", "DBF.Viewer\DBF.Viewer.csproj", "{AC9AD5A7-A11A-40FD-84D9-4E385FA67719}"
EndProject
Global
	GlobalSection(SolutionConfigurationPlatforms) = preSolution
		Debug|Any CPU = Debug|Any CPU
		Release|Any CPU = Release|Any CPU
	EndGlobalSection
	GlobalSection(ProjectConfigurationPlatforms) = postSolution
		{1A2C42C1-D82E-4295-A449-9E6E52DF0946}.Debug|Any CPU.ActiveCfg = Debug|Any CPU
		{1A2C42C1-D82E-4295-A449-9E6E52DF0946}.Debug|Any CPU.Build.0 = Debug|Any CPU
		{1A2C42C1-D82E-4295-A449-9E6E52DF0946}.Release|Any CPU.ActiveCfg = Release|Any CPU
		{1A2C42C1-D82E-4295-A449-9E6E52DF0946}.Release|Any CPU.Build.0 = Release|Any CPU
		{CEAE45D7-EF46-47EB-9652-BB3866268389}.Debug|Any CPU.ActiveCfg = Debug|Any CPU
		{CEAE45D7-EF46-47EB-9652-BB3866268389}.Debug|Any CPU.Build.0 = Debug|Any CPU
		{CEAE45D7-EF46-47EB-9652-BB3866268389}.Release|Any CPU.ActiveCfg = Release|Any CPU
		{CEAE45D7-EF46-47EB-9652-BB3866268389}.Release|Any CPU.Build.0 = Release|Any CPU
		{AC9AD5A7-A11A-40FD-84D9-4E385FA67719}.Debug|Any CPU.ActiveCfg = Debug|Any CPU
		{AC9AD5A7-A11A-40FD-84D9-4E385FA67719}.Debug|Any CPU.Build.0 = Debug|Any CPU
		{AC9AD5A7-A11A-40FD-84D9-4E385FA67719}.Release|Any CPU.ActiveCfg = Release|Any CPU
		{AC9AD5A7-A11A-40FD-84D9-4E385FA67719}.Release|Any CPU.Build.0 = Release|Any CPU
	EndGlobalSection
	GlobalSection(SolutionProperties) = preSolution
		HideSolutionNode = FALSE
	EndGlobalSection
	GlobalSection(ExtensibilityGlobals) = postSolution
		SolutionGuid = {00882030-E9D6-4250-9F73-8947FBF7B275}
	EndGlobalSection
EndGlobal
